
Microsoft Visual Studio Solution File, Format Version 12.00
# Visual Studio Version 16
VisualStudioVersion = 16.0.31313.79
MinimumVisualStudioVersion = 10.0.40219.1
Project("{FAE04EC0-301F-11D3-BF4B-00C04F79EFBC}") = "PokemonCaro", "PokemonCaro\PokemonCaro.csproj", "{91C7DF84-9D8A-4335-B8D7-8B1770528E25}"
EndProject
Global
	GlobalSection(SolutionConfigurationPlatforms) = preSolution
		Debug|Any CPU = Debug|Any CPU
		Release|Any CPU = Release|Any CPU
	EndGlobalSection
	GlobalSection(ProjectConfigurationPlatforms) = postSolution
		{91C7DF84-9D8A-4335-B8D7-8B1770528E25}.Debug|Any CPU.ActiveCfg = Debug|Any CPU
		{91C7DF84-9D8A-4335-B8D7-8B1770528E25}.Debug|Any CPU.Build.0 = Debug|Any CPU
		{91C7DF84-9D8A-4335-B8D7-8B1770528E25}.Release|Any CPU.ActiveCfg = Release|Any CPU
		{91C7DF84-9D8A-4335-B8D7-8B1770528E25}.Release|Any CPU.Build.0 = Release|Any CPU
	EndGlobalSection
	GlobalSection(SolutionProperties) = preSolution
		HideSolutionNode = FALSE
	EndGlobalSection
	GlobalSection(ExtensibilityGlobals) = postSolution
		SolutionGuid = {B2C3FFD6-5061-4A1D-B4A4-CAFF1958CBA0}
	EndGlobalSection
EndGlobal
